
Microsoft Visual Studio Solution File, Format Version 12.00
# Visual Studio Version 16
VisualStudioVersion = 16.0.32602.291
MinimumVisualStudioVersion = 10.0.40219.1
Project("{FAE04EC0-301F-11D3-BF4B-00C04F79EFBC}") = "eTickets", "eTickets.csproj", "{B917F143-FFE2-47E5-A5E6-E718C2460AAE}"
EndProject
Global
	GlobalSection(SolutionConfigurationPlatforms) = preSolution
		Debug|Any CPU = Debug|Any CPU
		Release|Any CPU = Release|Any CPU
	EndGlobalSection
	GlobalSection(ProjectConfigurationPlatforms) = postSolution
		{B917F143-FFE2-47E5-A5E6-E718C2460AAE}.Debug|Any CPU.ActiveCfg = Debug|Any CPU
		{B917F143-FFE2-47E5-A5E6-E718C2460AAE}.Debug|Any CPU.Build.0 = Debug|Any CPU
		{B917F143-FFE2-47E5-A5E6-E718C2460AAE}.Release|Any CPU.ActiveCfg = Release|Any CPU
		{B917F143-FFE2-47E5-A5E6-E718C2460AAE}.Release|Any CPU.Build.0 = Release|Any CPU
	EndGlobalSection
	GlobalSection(SolutionProperties) = preSolution
		HideSolutionNode = FALSE
	EndGlobalSection
	GlobalSection(ExtensibilityGlobals) = postSolution
		SolutionGuid = {7C469353-CDD7-4B5E-BCEF-D84CCA32C8C3}
	EndGlobalSection
EndGlobal
